
Microsoft Visual Studio Solution File, Format Version 12.00
# Visual Studio Version 17
VisualStudioVersion = 17.14.37710.0
MinimumVisualStudioVersion = 10.0.40219.1
Project("{2150E333-8FDC-42A3-9474-1A3956D46DE8}") = "Task2", "Task2", "{02EA681E-C7D8-13C7-8484-4AC65E1B71E8}"
EndProject
Project("{FAE04EC0-301F-11D3-BF4B-00C04F79EFBC}") = "Tyuiu.MotorinDA.Sprint1.Task2.V26", "Tyuiu.MotorinDA.Sprint1.Task2.V0\Tyuiu.MotorinDA.Sprint1.Task2.V26.csproj", "{8ABA1847-62F4-47A6-9AA4-7A10E4B7785C}"
EndProject
Project("{FAE04EC0-301F-11D3-BF4B-00C04F79EFBC}") = "Tyuiu.MotorinDA.Sprint1.Task2.V26.Lib", "Tyuiu.MotorinDA.Sprint1.Task2.V0.Lib\Tyuiu.MotorinDA.Sprint1.Task2.V26.Lib.csproj", "{BEF284E7-7256-4EAB-8FBD-E059FCCBFA51}"
EndProject
Project("{FAE04EC0-301F-11D3-BF4B-00C04F79EFBC}") = "Tyuiu.MotorinDA.Sprint1.Task2.V26.Test", "Tyuiu.MotorinDA.Sprint1.Task2.V0.Test\Tyuiu.MotorinDA.Sprint1.Task2.V26.Test.csproj", "{7472AC30-1FBC-423A-A02A-1EB4AAF7D1F9}"
EndProject
Project("{2150E333-8FDC-42A3-9474-1A3956D46DE8}") = "Task3", "Task3", "{A38E65A2-EFD8-4928-A4D4-1BB52D425C21}"
EndProject
Project("{FAE04EC0-301F-11D3-BF4B-00C04F79EFBC}") = "Tyuiu.MotorinDA.Sprint1.Task3.V0", "Tyuiu.MotorinDA.Sprint1.Task3.V0\Tyuiu.MotorinDA.Sprint1.Task3.V0.csproj", "{5E255E8D-D7B3-4BEF-9EE4-C98471318DAB}"
EndProject
Project("{FAE04EC0-301F-11D3-BF4B-00C04F79EFBC}") = "Tyuiu.MotorinDA.Sprint1.Task3.V0.Lib", "Tyuiu.MotorinDA.Sprint1.Task3.V0.Lib\Tyuiu.MotorinDA.Sprint1.Task3.V0.Lib.csproj", "{566FC269-3410-44B8-962A-6C0982D757C1}"
EndProject
Project("{FAE04EC0-301F-11D3-BF4B-00C04F79EFBC}") = "Tyuiu.MotorinDA.Sprint1.Task3.V0.Test", "Tyuiu.MotorinDA.Sprint1.Task3.V0.Test\Tyuiu.MotorinDA.Sprint1.Task3.V0.Test.csproj", "{1025956C-C657-42DB-8DC1-85B22F5A34CC}"
EndProject
Project("{2150E333-8FDC-42A3-9474-1A3956D46DE8}") = "Task4", "Task4", "{0EF067CD-E823-48BF-A4AE-57A04B45D6AE}"
EndProject
Project("{FAE04EC0-301F-11D3-BF4B-00C04F79EFBC}") = "Tyuiu.MotorinDA.Sprint1.Task4.V28", "Tyuiu.MotorinDA.Sprint1.Task4.V0\Tyuiu.MotorinDA.Sprint1.Task4.V28.csproj", "{00922F3C-86CD-414B-9CE4-10E7B710D3F7}"
EndProject
Project("{FAE04EC0-301F-11D3-BF4B-00C04F79EFBC}") = "Tyuiu.MotorinDA.Sprint1.Task4.V28.Lib", "Tyuiu.MotorinDA.Sprint1.Task4.V0.Lib\Tyuiu.MotorinDA.Sprint1.Task4.V28.Lib.csproj", "{E41F7FBD-F796-4B1A-A723-DC411677D612}"
EndProject
Project("{FAE04EC0-301F-11D3-BF4B-00C04F79EFBC}") = "Tyuiu.MotorinDA.Sprint1.Task4.V28.Test", "Tyuiu.MotorinDA.Sprint1.Task4.V0.Test\Tyuiu.MotorinDA.Sprint1.Task4.V28.Test.csproj", "{42930BCF-DBB9-419D-A4F8-9855526605C6}"
EndProject
Project("{2150E333-8FDC-42A3-9474-1A3956D46DE8}") = "Task5", "Task5", "{4F71B03E-02E6-4F46-9990-F560C225267B}"
EndProject
Project("{FAE04EC0-301F-11D3-BF4B-00C04F79EFBC}") = "Tyuiu.MotorinDA.Sprint1.Task5.V2", "Tyuiu.MotorinDA.Sprint1.Task5.V0\Tyuiu.MotorinDA.Sprint1.Task5.V2.csproj", "{EEADC64A-2403-4876-9538-4972646AFDEF}"
EndProject
Project("{FAE04EC0-301F-11D3-BF4B-00C04F79EFBC}") = "Tyuiu.MotorinDA.Sprint1.Task5.V2.Lib", "Tyuiu.MotorinDA.Sprint1.Task5.V0.Lib\Tyuiu.MotorinDA.Sprint1.Task5.V2.Lib.csproj", "{BA854A2D-04B8-4F37-9D40-142A50D3A963}"
EndProject
Project("{FAE04EC0-301F-11D3-BF4B-00C04F79EFBC}") = "Tyuiu.MotorinDA.Sprint1.Task5.V2.Test", "Tyuiu.MotorinDA.Sprint1.Task5.V0.Test\Tyuiu.MotorinDA.Sprint1.Task5.V2.Test.csproj", "{AAE9812A-0A93-4536-948B-4A6439A6298B}"
EndProject
Global
	GlobalSection(SolutionConfigurationPlatforms) = preSolution
		Debug|Any CPU = Debug|Any CPU
		Release|Any CPU = Release|Any CPU
	EndGlobalSection
	GlobalSection(ProjectConfigurationPlatforms) = postSolution
		{8ABA1847-62F4-47A6-9AA4-7A10E4B7785C}.Debug|Any CPU.ActiveCfg = Debug|Any CPU
		{8ABA1847-62F4-47A6-9AA4-7A10E4B7785C}.Debug|Any CPU.Build.0 = Debug|Any CPU
		{8ABA1847-62F4-47A6-9AA4-7A10E4B7785C}.Release|Any CPU.ActiveCfg = Release|Any CPU
		{8ABA1847-62F4-47A6-9AA4-7A10E4B7785C}.Release|Any CPU.Build.0 = Release|Any CPU
		{BEF284E7-7256-4EAB-8FBD-E059FCCBFA51}.Debug|Any CPU.ActiveCfg = Debug|Any CPU
		{BEF284E7-7256-4EAB-8FBD-E059FCCBFA51}.Debug|Any CPU.Build.0 = Debug|Any CPU
		{BEF284E7-7256-4EAB-8FBD-E059FCCBFA51}.Release|Any CPU.ActiveCfg = Release|Any CPU
		{BEF284E7-7256-4EAB-8FBD-E059FCCBFA51}.Release|Any CPU.Build.0 = Release|Any CPU
		{7472AC30-1FBC-423A-A02A-1EB4AAF7D1F9}.Debug|Any CPU.ActiveCfg = Debug|Any CPU
		{7472AC30-1FBC-423A-A02A-1EB4AAF7D1F9}.Debug|Any CPU.Build.0 = Debug|Any CPU
		{7472AC30-1FBC-423A-A02A-1EB4AAF7D1F9}.Release|Any CPU.ActiveCfg = Release|Any CPU
		{7472AC30-1FBC-423A-A02A-1EB4AAF7D1F9}.Release|Any CPU.Build.0 = Release|Any CPU
		{5E255E8D-D7B3-4BEF-9EE4-C98471318DAB}.Debug|Any CPU.ActiveCfg = Debug|Any CPU
		{5E255E8D-D7B3-4BEF-9EE4-C98471318DAB}.Debug|Any CPU.Build.0 = Debug|Any CPU
		{5E255E8D-D7B3-4BEF-9EE4-C98471318DAB}.Release|Any CPU.ActiveCfg = Release|Any CPU
		{5E255E8D-D7B3-4BEF-9EE4-C98471318DAB}.Release|Any CPU.Build.0 = Release|Any CPU
		{566FC269-3410-44B8-962A-6C0982D757C1}.Debug|Any CPU.ActiveCfg = Debug|Any CPU
		{566FC269-3410-44B8-962A-6C0982D757C1}.Debug|Any CPU.Build.0 = Debug|Any CPU
		{566FC269-3410-44B8-962A-6C0982D757C1}.Release|Any CPU.ActiveCfg = Release|Any CPU
		{566FC269-3410-44B8-962A-6C0982D757C1}.Release|Any CPU.Build.0 = Release|Any CPU
		{1025956C-C657-42DB-8DC1-85B22F5A34CC}.Debug|Any CPU.ActiveCfg = Debug|Any CPU
		{1025956C-C657-42DB-8DC1-85B22F5A34CC}.Debug|Any CPU.Build.0 = Debug|Any CPU
		{1025956C-C657-42DB-8DC1-85B22F5A34CC}.Release|Any CPU.ActiveCfg = Release|Any CPU
		{1025956C-C657-42DB-8DC1-85B22F5A34CC}.Release|Any CPU.Build.0 = Release|Any CPU
		{00922F3C-86CD-414B-9CE4-10E7B710D3F7}.Debug|Any CPU.ActiveCfg = Debug|Any CPU
		{00922F3C-86CD-414B-9CE4-10E7B710D3F7}.Debug|Any CPU.Build.0 = Debug|Any CPU
		{00922F3C-86CD-414B-9CE4-10E7B710D3F7}.Release|Any CPU.ActiveCfg = Release|Any CPU
		{00922F3C-86CD-414B-9CE4-10E7B710D3F7}.Release|Any CPU.Build.0 = Release|Any CPU
		{E41F7FBD-F796-4B1A-A723-DC411677D612}.Debug|Any CPU.ActiveCfg = Debug|Any CPU
		{E41F7FBD-F796-4B1A-A723-DC411677D612}.Debug|Any CPU.Build.0 = Debug|Any CPU
		{E41F7FBD-F796-4B1A-A723-DC411677D612}.Release|Any CPU.ActiveCfg = Release|Any CPU
		{E41F7FBD-F796-4B1A-A723-DC411677D612}.Release|Any CPU.Build.0 = Release|Any CPU
		{42930BCF-DBB9-419D-A4F8-9855526605C6}.Debug|Any CPU.ActiveCfg = Debug|Any CPU
		{42930BCF-DBB9-419D-A4F8-9855526605C6}.Debug|Any CPU.Build.0 = Debug|Any CPU
		{42930BCF-DBB9-419D-A4F8-9855526605C6}.Release|Any CPU.ActiveCfg = Release|Any CPU
		{42930BCF-DBB9-419D-A4F8-9855526605C6}.Release|Any CPU.Build.0 = Release|Any CPU
		{EEADC64A-2403-4876-9538-4972646AFDEF}.Debug|Any CPU.ActiveCfg = Debug|Any CPU
		{EEADC64A-2403-4876-9538-4972646AFDEF}.Debug|Any CPU.Build.0 = Debug|Any CPU
		{EEADC64A-2403-4876-9538-4972646AFDEF}.Release|Any CPU.ActiveCfg = Release|Any CPU
		{EEADC64A-2403-4876-9538-4972646AFDEF}.Release|Any CPU.Build.0 = Release|Any CPU
		{BA854A2D-04B8-4F37-9D40-142A50D3A963}.Debug|Any CPU.ActiveCfg = Debug|Any CPU
		{BA854A2D-04B8-4F37-9D40-142A50D3A963}.Debug|Any CPU.Build.0 = Debug|Any CPU
		{BA854A2D-04B8-4F37-9D40-142A50D3A963}.Release|Any CPU.ActiveCfg = Release|Any CPU
		{BA854A2D-04B8-4F37-9D40-142A50D3A963}.Release|Any CPU.Build.0 = Release|Any CPU
		{AAE9812A-0A93-4536-948B-4A6439A6298B}.Debug|Any CPU.ActiveCfg = Debug|Any CPU
		{AAE9812A-0A93-4536-948B-4A6439A6298B}.Debug|Any CPU.Build.0 = Debug|Any CPU
		{AAE9812A-0A93-4536-948B-4A6439A6298B}.Release|Any CPU.ActiveCfg = Release|Any CPU
		{AAE9812A-0A93-4536-948B-4A6439A6298B}.Release|Any CPU.Build.0 = Release|Any CPU
	EndGlobalSection
	GlobalSection(SolutionProperties) = preSolution
		HideSolutionNode = FALSE
	EndGlobalSection
	GlobalSection(NestedProjects) = preSolution
		{8ABA1847-62F4-47A6-9AA4-7A10E4B7785C} = {02EA681E-C7D8-13C7-8484-4AC65E1B71E8}
		{BEF284E7-7256-4EAB-8FBD-E059FCCBFA51} = {02EA681E-C7D8-13C7-8484-4AC65E1B71E8}
		{7472AC30-1FBC-423A-A02A-1EB4AAF7D1F9} = {02EA681E-C7D8-13C7-8484-4AC65E1B71E8}
		{5E255E8D-D7B3-4BEF-9EE4-C98471318DAB} = {A38E65A2-EFD8-4928-A4D4-1BB52D425C21}
		{566FC269-3410-44B8-962A-6C0982D757C1} = {A38E65A2-EFD8-4928-A4D4-1BB52D425C21}
		{1025956C-C657-42DB-8DC1-85B22F5A34CC} = {A38E65A2-EFD8-4928-A4D4-1BB52D425C21}
		{00922F3C-86CD-414B-9CE4-10E7B710D3F7} = {0EF067CD-E823-48BF-A4AE-57A04B45D6AE}
		{E41F7FBD-F796-4B1A-A723-DC411677D612} = {0EF067CD-E823-48BF-A4AE-57A04B45D6AE}
		{42930BCF-DBB9-419D-A4F8-9855526605C6} = {0EF067CD-E823-48BF-A4AE-57A04B45D6AE}
		{EEADC64A-2403-4876-9538-4972646AFDEF} = {4F71B03E-02E6-4F46-9990-F560C225267B}
		{BA854A2D-04B8-4F37-9D40-142A50D3A963} = {4F71B03E-02E6-4F46-9990-F560C225267B}
		{AAE9812A-0A93-4536-948B-4A6439A6298B} = {4F71B03E-02E6-4F46-9990-F560C225267B}
	EndGlobalSection
	GlobalSection(ExtensibilityGlobals) = postSolution
		SolutionGuid = {0444AFDA-480A-45F2-9BA4-D2DA59DE277F}
	EndGlobalSection
EndGlobal
